
Microsoft Visual Studio Solution File, Format Version 12.00
# Visual Studio Version 17
VisualStudioVersion = 17.10.34916.146
MinimumVisualStudioVersion = 10.0.40219.1
Project("{FAE04EC0-301F-11D3-BF4B-00C04F79EFBC}") = "Tarea_aumento_salariales", "Tarea_aumento_salariales.csproj", "{13308FAF-9537-4A67-89F5-D8A9625FDDC7}"
EndProject
Global
	GlobalSection(SolutionConfigurationPlatforms) = preSolution
		Debug|Any CPU = Debug|Any CPU
		Release|Any CPU = Release|Any CPU
	EndGlobalSection
	GlobalSection(ProjectConfigurationPlatforms) = postSolution
		{13308FAF-9537-4A67-89F5-D8A9625FDDC7}.Debug|Any CPU.ActiveCfg = Debug|Any CPU
		{13308FAF-9537-4A67-89F5-D8A9625FDDC7}.Debug|Any CPU.Build.0 = Debug|Any CPU
		{13308FAF-9537-4A67-89F5-D8A9625FDDC7}.Release|Any CPU.ActiveCfg = Release|Any CPU
		{13308FAF-9537-4A67-89F5-D8A9625FDDC7}.Release|Any CPU.Build.0 = Release|Any CPU
	EndGlobalSection
	GlobalSection(SolutionProperties) = preSolution
		HideSolutionNode = FALSE
	EndGlobalSection
	GlobalSection(ExtensibilityGlobals) = postSolution
		SolutionGuid = {5D7BD717-EDE6-4497-9344-CE2443D0549B}
	EndGlobalSection
EndGlobal
